
Microsoft Visual Studio Solution File, Format Version 12.00
# Visual Studio 15
VisualStudioVersion = 15.0.26430.12
MinimumVisualStudioVersion = 10.0.40219.1
Project("{2150E333-8FDC-42A3-9474-1A3956D46DE8}") = "src", "src", "{F4881113-F243-45DA-95C0-E12B385E258B}"
EndProject
Project("{2150E333-8FDC-42A3-9474-1A3956D46DE8}") = "test", "test", "{D8B7F689-16F7-4A3E-BC6D-4693357942D5}"
EndProject
Project("{9A19103F-16F7-4668-BE54-9A1E7A4F7556}") = "AB.Extensions", "src\AB.Extensions\AB.Extensions.csproj", "{BEB16378-A03E-47D4-909E-FA676037920E}"
EndProject
Project("{9A19103F-16F7-4668-BE54-9A1E7A4F7556}") = "AB.Extensions.Tests", "test\AB.Extensions.Tests\AB.Extensions.Tests.csproj", "{5E165908-AE6B-45B8-86B9-4193912D1024}"
EndProject
Global
	GlobalSection(SolutionConfigurationPlatforms) = preSolution
		Debug|Any CPU = Debug|Any CPU
		Release|Any CPU = Release|Any CPU
	EndGlobalSection
	GlobalSection(ProjectConfigurationPlatforms) = postSolution
		{BEB16378-A03E-47D4-909E-FA676037920E}.Debug|Any CPU.ActiveCfg = Debug|Any CPU
		{BEB16378-A03E-47D4-909E-FA676037920E}.Debug|Any CPU.Build.0 = Debug|Any CPU
		{BEB16378-A03E-47D4-909E-FA676037920E}.Release|Any CPU.ActiveCfg = Release|Any CPU
		{BEB16378-A03E-47D4-909E-FA676037920E}.Release|Any CPU.Build.0 = Release|Any CPU
		{5E165908-AE6B-45B8-86B9-4193912D1024}.Debug|Any CPU.ActiveCfg = Debug|Any CPU
		{5E165908-AE6B-45B8-86B9-4193912D1024}.Debug|Any CPU.Build.0 = Debug|Any CPU
		{5E165908-AE6B-45B8-86B9-4193912D1024}.Release|Any CPU.ActiveCfg = Release|Any CPU
		{5E165908-AE6B-45B8-86B9-4193912D1024}.Release|Any CPU.Build.0 = Release|Any CPU
	EndGlobalSection
	GlobalSection(SolutionProperties) = preSolution
		HideSolutionNode = FALSE
	EndGlobalSection
	GlobalSection(NestedProjects) = preSolution
		{BEB16378-A03E-47D4-909E-FA676037920E} = {F4881113-F243-45DA-95C0-E12B385E258B}
		{5E165908-AE6B-45B8-86B9-4193912D1024} = {D8B7F689-16F7-4A3E-BC6D-4693357942D5}
	EndGlobalSection
EndGlobal
